
Microsoft Visual Studio Solution File, Format Version 12.00
Project("{FAE04EC0-301F-11D3-BF4B-00C04F79EFBC}") = "Quoter", "Quoter\Quoter.csproj", "{926D1CD4-C91D-4DFC-9E5E-F76A58E041B4}"
EndProject
Global
	GlobalSection(SolutionConfigurationPlatforms) = preSolution
		Debug|Any CPU = Debug|Any CPU
		Release|Any CPU = Release|Any CPU
	EndGlobalSection
	GlobalSection(ProjectConfigurationPlatforms) = postSolution
		{926D1CD4-C91D-4DFC-9E5E-F76A58E041B4}.Debug|Any CPU.ActiveCfg = Debug|Any CPU
		{926D1CD4-C91D-4DFC-9E5E-F76A58E041B4}.Debug|Any CPU.Build.0 = Debug|Any CPU
		{926D1CD4-C91D-4DFC-9E5E-F76A58E041B4}.Release|Any CPU.ActiveCfg = Release|Any CPU
		{926D1CD4-C91D-4DFC-9E5E-F76A58E041B4}.Release|Any CPU.Build.0 = Release|Any CPU
	EndGlobalSection
EndGlobal
